{
  "nodes": {
    "flake-parts": {
      "inputs": {
        "nixpkgs-lib": [
          "nixpkgs"
        ]
      },
      "locked": {
        "lastModified": 1698579227,
        "narHash": "sha256-KVWjFZky+gRuWennKsbo6cWyo7c/z/VgCte5pR9pEKg=",
        "owner": "hercules-ci",
        "repo": "flake-parts",
        "rev": "f76e870d64779109e41370848074ac4eaa1606ec",
        "type": "github"
      },
      "original": {
        "owner": "hercules-ci",
        "repo": "flake-parts",
        "type": "github"
      }
    },
    "nixos-hardware": {
      "locked": {
        "lastModified": 1698053470,
        "narHash": "sha256-sP8D/41UiwC2qn0X40oi+DfuVzNHMROqIWdSdCI/AYA=",
        "owner": "nixos",
        "repo": "nixos-hardware",
        "rev": "80d98a7d55c6e27954a166cb583a41325e9512d7",
        "type": "github"
      },
      "original": {
        "owner": "nixos",
        "repo": "nixos-hardware",
        "type": "github"
      }
    },
    "nixpkgs": {
      "locked": {
        "lastModified": 1698318101,
        "narHash": "sha256-gUihHt3yPD7bVqg+k/UVHgngyaJ3DMEBchbymBMvK1E=",
        "owner": "nixos",
        "repo": "nixpkgs",
        "rev": "63678e9f3d3afecfeafa0acead6239cdb447574c",
        "type": "github"
      },
      "original": {
        "owner": "nixos",
        "ref": "nixos-unstable",
        "repo": "nixpkgs",
        "type": "github"
      }
    },
    "nixpkgs-cilium": {
      "locked": {
        "lastModified": 1695132891,
        "narHash": "sha256-cJR9AFHmt816cW/C9necLJyOg/gsnkvEeFAfxgeM1hc=",
        "owner": "nixos",
        "repo": "nixpkgs",
        "rev": "8b5ab8341e33322e5b66fb46ce23d724050f6606",
        "type": "github"
      },
      "original": {
        "owner": "nixos",
        "repo": "nixpkgs",
        "rev": "8b5ab8341e33322e5b66fb46ce23d724050f6606",
        "type": "github"
      }
    },
    "nixpkgs-kubernetes": {
      "locked": {
        "lastModified": 1696234590,
        "narHash": "sha256-mgOzQYTvaTT4bFopVOadlndy2RPwLy60rDjIWOGujwo=",
        "owner": "nixos",
        "repo": "nixpkgs",
        "rev": "f902cb49892d300ff15cb237e48aa1cad79d68c3",
        "type": "github"
      },
      "original": {
        "owner": "nixos",
        "repo": "nixpkgs",
        "rev": "f902cb49892d300ff15cb237e48aa1cad79d68c3",
        "type": "github"
      }
    },
    "root": {
      "inputs": {
        "flake-parts": "flake-parts",
        "nixos-hardware": "nixos-hardware",
        "nixpkgs": "nixpkgs",
        "nixpkgs-cilium": "nixpkgs-cilium",
        "nixpkgs-kubernetes": "nixpkgs-kubernetes"
      }
    }
  },
  "root": "root",
  "version": 7
}
